<?xml version="1.0" encoding="utf-8"?>
<Project ToolsVersion="4.0" xmlns="http://schemas.microsoft.com/developer/msbuild/2003">
  <ItemGroup>
    <Filter Include="Source Files">
      <UniqueIdentifier>{4FC737F1-C7A5-4376-A066-2A32D752A2FF}</UniqueIdentifier>
      <Extensions>cpp;c;cc;cxx;def;odl;idl;hpj;bat;asm;asmx</Extensions>
    </Filter>
    <Filter Include="Header Files">
      <UniqueIdentifier>{93995380-89BD-4b04-88EB-625FBE52EBFB}</UniqueIdentifier>
      <Extensions>h;hpp;hxx;hm;inl;inc;xsd</Extensions>
    </Filter>
    <Filter Include="Resource Files">
      <UniqueIdentifier>{67DA6AB6-F800-4c08-8B7A-83BB121AAD01}</UniqueIdentifier>
      <Extensions>rc;ico;cur;bmp;dlg;rc2;rct;bin;rgs;gif;jpg;jpeg;jpe;resx;tiff;tif;png;wav;mfcribbon-ms</Extensions>
    </Filter>
  </ItemGroup>
  <ItemGroup>
    <ClInclude Include="precompiled.h">
      <Filter>Header Files</Filter>
    </ClInclude>
    <ClInclude Include="scoped_handle.h">
      <Filter>Header Files</Filter>
    </ClInclude>
    <ClInclude Include="scoped_pointer.h">
      <Filter>Header Files</Filter>
    </ClInclude>
    <ClInclude Include="resource.h">
      <Filter>Header Files</Filter>
    </ClInclude>
    <ClInclude Include="game_engine.h">
      <Filter>Header Files</Filter>
    </ClInclude>
    <ClInclude Include="ispaceship.h">
      <Filter>Header Files</Filter>
    </ClInclude>
    <ClInclude Include="sa32_thunderbolt.h">
      <Filter>Header Files</Filter>
    </ClInclude>
    <ClInclude Include="iprojectile.h">
      <Filter>Header Files</Filter>
    </ClInclude>
    <ClInclude Include="sa32_rocket.h">
      <Filter>Header Files</Filter>
    </ClInclude>
    <ClInclude Include="d2drenderer.h">
      <Filter>Header Files</Filter>
    </ClInclude>
    <ClInclude Include="helpers.h">
      <Filter>Header Files</Filter>
    </ClInclude>
    <ClInclude Include="idrawable.h">
      <Filter>Header Files</Filter>
    </ClInclude>
    <ClInclude Include="icollidable.h">
      <Filter>Header Files</Filter>
    </ClInclude>
    <ClInclude Include="meteor.h">
      <Filter>Header Files</Filter>
    </ClInclude>
    <ClInclude Include="sa32_plasmabolt.h">
      <Filter>Header Files</Filter>
    </ClInclude>
    <ClInclude Include="resultwrapper.h">
      <Filter>Header Files</Filter>
    </ClInclude>
    <ClInclude Include="basetypes.h">
      <Filter>Header Files</Filter>
    </ClInclude>
    <ClInclude Include="ikeyboardeventreceiver.h">
      <Filter>Header Files</Filter>
    </ClInclude>
    <ClInclude Include="imouseeventreceiver.h">
      <Filter>Header Files</Filter>
    </ClInclude>
    <ClInclude Include="fixed_stack.h">
      <Filter>Header Files</Filter>
    </ClInclude>
    <ClInclude Include="screen_manager.h">
      <Filter>Header Files</Filter>
    </ClInclude>
    <ClInclude Include="game_resourcecache.h">
      <Filter>Header Files</Filter>
    </ClInclude>
    <ClInclude Include="lazy_unique_instance.h">
      <Filter>Header Files</Filter>
    </ClInclude>
    <ClInclude Include="atexit_manager.h">
      <Filter>Header Files</Filter>
    </ClInclude>
    <ClInclude Include="hashfunc.h">
      <Filter>Header Files</Filter>
    </ClInclude>
    <ClInclude Include="ui_factory.h">
      <Filter>Header Files</Filter>
    </ClInclude>
    <ClInclude Include="gamefont.h">
      <Filter>Header Files</Filter>
    </ClInclude>
    <ClInclude Include="screen_component.h">
      <Filter>Header Files</Filter>
    </ClInclude>
    <ClInclude Include="game_screen.h">
      <Filter>Header Files</Filter>
    </ClInclude>
    <ClInclude Include="main_screen.h">
      <Filter>Header Files</Filter>
    </ClInclude>
    <ClInclude Include="game_settings_provider.h">
      <Filter>Header Files</Filter>
    </ClInclude>
    <ClInclude Include="solidcolor_button.h">
      <Filter>Header Files</Filter>
    </ClInclude>
    <ClInclude Include="button_base.h">
      <Filter>Header Files</Filter>
    </ClInclude>
    <ClInclude Include="control_container.h">
      <Filter>Header Files</Filter>
    </ClInclude>
    <ClInclude Include="cgamescreen.h">
      <Filter>Header Files</Filter>
    </ClInclude>
  </ItemGroup>
  <ItemGroup>
    <ClCompile Include="precompiled.cc">
      <Filter>Source Files</Filter>
    </ClCompile>
    <ClCompile Include="main.cc">
      <Filter>Source Files</Filter>
    </ClCompile>
    <ClCompile Include="game_engine.cc">
      <Filter>Source Files</Filter>
    </ClCompile>
    <ClCompile Include="sa32_thunderbolt.cc">
      <Filter>Source Files</Filter>
    </ClCompile>
    <ClCompile Include="sa32_rocket.cc">
      <Filter>Source Files</Filter>
    </ClCompile>
    <ClCompile Include="d2drender.cc">
      <Filter>Source Files</Filter>
    </ClCompile>
    <ClCompile Include="helpers.cc">
      <Filter>Source Files</Filter>
    </ClCompile>
    <ClCompile Include="icollidable.cc">
      <Filter>Source Files</Filter>
    </ClCompile>
    <ClCompile Include="meteor.cc">
      <Filter>Source Files</Filter>
    </ClCompile>
    <ClCompile Include="sa32_plasmabolt.cc">
      <Filter>Source Files</Filter>
    </ClCompile>
    <ClCompile Include="screen_manager.cc">
      <Filter>Source Files</Filter>
    </ClCompile>
    <ClCompile Include="game_resourcecache.cc">
      <Filter>Source Files</Filter>
    </ClCompile>
    <ClCompile Include="atexit_manager.cc">
      <Filter>Source Files</Filter>
    </ClCompile>
    <ClCompile Include="hashfunc.cc">
      <Filter>Source Files</Filter>
    </ClCompile>
    <ClCompile Include="main_screen.cc">
      <Filter>Source Files</Filter>
    </ClCompile>
    <ClCompile Include="game_settings_provider.cc">
      <Filter>Source Files</Filter>
    </ClCompile>
    <ClCompile Include="game_screen.cc">
      <Filter>Source Files</Filter>
    </ClCompile>
    <ClCompile Include="solidcolor_button.cc">
      <Filter>Source Files</Filter>
    </ClCompile>
    <ClCompile Include="control_container.cc">
      <Filter>Source Files</Filter>
    </ClCompile>
    <ClCompile Include="button_base.cc">
      <Filter>Source Files</Filter>
    </ClCompile>
    <ClCompile Include="screen_component.cc">
      <Filter>Source Files</Filter>
    </ClCompile>
    <ClCompile Include="cgamescreen.cc">
      <Filter>Source Files</Filter>
    </ClCompile>
  </ItemGroup>
  <ItemGroup>
    <ResourceCompile Include="starfury_pilot.rc">
      <Filter>Resource Files</Filter>
    </ResourceCompile>
  </ItemGroup>
</Project>